// !$*UTF8*$!
{
	archiveVersion = 1;
	classes = {
	};
	objectVersion = 50;
	objects = {

/* Begin PBXBuildFile section */
		CC02125D23F556B900B5DD90 /* Home.swift in Sources */ = {isa = PBXBuildFile; fileRef = CC02125C23F556B900B5DD90 /* Home.swift */; };
		CC02125F23F58AF100B5DD90 /* CategoryRow.swift in Sources */ = {isa = PBXBuildFile; fileRef = CC02125E23F58AF100B5DD90 /* CategoryRow.swift */; };
		CC0C6D1923F8575D00C8ECD5 /* HikeBadge.swift in Sources */ = {isa = PBXBuildFile; fileRef = CC0C6D1823F8575C00C8ECD5 /* HikeBadge.swift */; };
		CC0C6D1A23F857B900C8ECD5 /* Profile.swift in Sources */ = {isa = PBXBuildFile; fileRef = CC49FF8223F67BD100D435EB /* Profile.swift */; };
		CC0C6D1B23F857B900C8ECD5 /* Landmark.swift in Sources */ = {isa = PBXBuildFile; fileRef = CC0E3CDF23F10D3800EE7100 /* Landmark.swift */; };
		CC0C6D1C23F857B900C8ECD5 /* UserData.swift in Sources */ = {isa = PBXBuildFile; fileRef = CCCE1F0523F43CF30007A7F6 /* UserData.swift */; };
		CC0C6D1D23F857B900C8ECD5 /* Data.swift in Sources */ = {isa = PBXBuildFile; fileRef = CC0E3CE123F1111600EE7100 /* Data.swift */; };
		CC0C6D1E23F857B900C8ECD5 /* Hike.swift in Sources */ = {isa = PBXBuildFile; fileRef = CC0E3CE323F111F000EE7100 /* Hike.swift */; };
		CC0C6D1F23F857C000C8ECD5 /* turtlerock_feature.jpg in Resources */ = {isa = PBXBuildFile; fileRef = CC0E3CEA23F1165400EE7100 /* turtlerock_feature.jpg */; };
		CC0C6D2023F857C000C8ECD5 /* charleyrivers.jpg in Resources */ = {isa = PBXBuildFile; fileRef = CC0E3CEB23F1165400EE7100 /* charleyrivers.jpg */; };
		CC0C6D2123F857C000C8ECD5 /* turtlerock.jpg in Resources */ = {isa = PBXBuildFile; fileRef = CC0E3CEC23F1165400EE7100 /* turtlerock.jpg */; };
		CC0C6D2223F857C000C8ECD5 /* silversalmoncreek.jpg in Resources */ = {isa = PBXBuildFile; fileRef = CC0E3CED23F1165400EE7100 /* silversalmoncreek.jpg */; };
		CC0C6D2323F857C000C8ECD5 /* hikeData.json in Resources */ = {isa = PBXBuildFile; fileRef = CC0E3CEE23F1165400EE7100 /* hikeData.json */; };
		CC0C6D2423F857C000C8ECD5 /* icybay.jpg in Resources */ = {isa = PBXBuildFile; fileRef = CC0E3CEF23F1165400EE7100 /* icybay.jpg */; };
		CC0C6D2523F857C000C8ECD5 /* lakemcdonald.jpg in Resources */ = {isa = PBXBuildFile; fileRef = CC0E3CF023F1165400EE7100 /* lakemcdonald.jpg */; };
		CC0C6D2623F857C000C8ECD5 /* hiddenlake.jpg in Resources */ = {isa = PBXBuildFile; fileRef = CC0E3CF123F1165400EE7100 /* hiddenlake.jpg */; };
		CC0C6D2723F857C000C8ECD5 /* twinlake.jpg in Resources */ = {isa = PBXBuildFile; fileRef = CC0E3CF223F1165400EE7100 /* twinlake.jpg */; };
		CC0C6D2823F857C000C8ECD5 /* charleyrivers_feature.jpg in Resources */ = {isa = PBXBuildFile; fileRef = CC0E3CF323F1165400EE7100 /* charleyrivers_feature.jpg */; };
		CC0C6D2923F857C000C8ECD5 /* umbagog.jpg in Resources */ = {isa = PBXBuildFile; fileRef = CC0E3D0E23F12F9F00EE7100 /* umbagog.jpg */; };
		CC0C6D2A23F857C000C8ECD5 /* landmarkData.json in Resources */ = {isa = PBXBuildFile; fileRef = CC0E3CF523F1165400EE7100 /* landmarkData.json */; };
		CC0C6D2B23F857C000C8ECD5 /* chincoteague.jpg in Resources */ = {isa = PBXBuildFile; fileRef = CC0E3CF623F1165400EE7100 /* chincoteague.jpg */; };
		CC0C6D2C23F857C100C8ECD5 /* stmarylake.jpg in Resources */ = {isa = PBXBuildFile; fileRef = CC0E3CF723F1165400EE7100 /* stmarylake.jpg */; };
		CC0C6D2D23F857C100C8ECD5 /* chilkoottrail.jpg in Resources */ = {isa = PBXBuildFile; fileRef = CC0E3CF823F1165400EE7100 /* chilkoottrail.jpg */; };
		CC0C6D2E23F857C100C8ECD5 /* stmarylake_feature.jpg in Resources */ = {isa = PBXBuildFile; fileRef = CC0E3CF923F1165400EE7100 /* stmarylake_feature.jpg */; };
		CC0C6D2F23F857C100C8ECD5 /* rainbowlake.jpg in Resources */ = {isa = PBXBuildFile; fileRef = CC0E3CFA23F1165400EE7100 /* rainbowlake.jpg */; };
		CC0C6D3023F857CB00C8ECD5 /* LandmarkRow.swift in Sources */ = {isa = PBXBuildFile; fileRef = CC0E3CDD23F10C6A00EE7100 /* LandmarkRow.swift */; };
		CC0C6D3123F857D100C8ECD5 /* CircleImage.swift in Sources */ = {isa = PBXBuildFile; fileRef = CC0E3CD923F071E700EE7100 /* CircleImage.swift */; };
		CC0C6D3223F857E200C8ECD5 /* Assets.xcassets in Resources */ = {isa = PBXBuildFile; fileRef = CC0E3CCB23EED0F100EE7100 /* Assets.xcassets */; };
		CC0C6D3623F8661900C8ECD5 /* WatchLandmarkDetail.swift in Sources */ = {isa = PBXBuildFile; fileRef = CC0C6D3523F8661800C8ECD5 /* WatchLandmarkDetail.swift */; };
		CC0C6D3823F86C6100C8ECD5 /* WatchMapView.swift in Sources */ = {isa = PBXBuildFile; fileRef = CC0C6D3723F86C6100C8ECD5 /* WatchMapView.swift */; };
		CC0C6D3923F8766000C8ECD5 /* LandmarkList.swift in Sources */ = {isa = PBXBuildFile; fileRef = CC0E3D0C23F12AA500EE7100 /* LandmarkList.swift */; };
		CC0C6D3E23F90E3200C8ECD5 /* Interface.storyboard in Resources */ = {isa = PBXBuildFile; fileRef = CC0C6D3C23F90E3200C8ECD5 /* Interface.storyboard */; };
		CC0E3CC623EED0EC00EE7100 /* AppDelegate.swift in Sources */ = {isa = PBXBuildFile; fileRef = CC0E3CC523EED0EC00EE7100 /* AppDelegate.swift */; };
		CC0E3CC823EED0EC00EE7100 /* SceneDelegate.swift in Sources */ = {isa = PBXBuildFile; fileRef = CC0E3CC723EED0EC00EE7100 /* SceneDelegate.swift */; };
		CC0E3CCA23EED0EC00EE7100 /* LandmarkDetail.swift in Sources */ = {isa = PBXBuildFile; fileRef = CC0E3CC923EED0EC00EE7100 /* LandmarkDetail.swift */; };
		CC0E3CCC23EED0F100EE7100 /* Assets.xcassets in Resources */ = {isa = PBXBuildFile; fileRef = CC0E3CCB23EED0F100EE7100 /* Assets.xcassets */; };
		CC0E3CCF23EED0F100EE7100 /* Preview Assets.xcassets in Resources */ = {isa = PBXBuildFile; fileRef = CC0E3CCE23EED0F100EE7100 /* Preview Assets.xcassets */; };
		CC0E3CDA23F071E700EE7100 /* CircleImage.swift in Sources */ = {isa = PBXBuildFile; fileRef = CC0E3CD923F071E700EE7100 /* CircleImage.swift */; };
		CC0E3CDC23F074E400EE7100 /* MapView.swift in Sources */ = {isa = PBXBuildFile; fileRef = CC0E3CDB23F074E400EE7100 /* MapView.swift */; };
		CC0E3CDE23F10C6A00EE7100 /* LandmarkRow.swift in Sources */ = {isa = PBXBuildFile; fileRef = CC0E3CDD23F10C6A00EE7100 /* LandmarkRow.swift */; };
		CC0E3CE023F10D3800EE7100 /* Landmark.swift in Sources */ = {isa = PBXBuildFile; fileRef = CC0E3CDF23F10D3800EE7100 /* Landmark.swift */; };
		CC0E3CE223F1111600EE7100 /* Data.swift in Sources */ = {isa = PBXBuildFile; fileRef = CC0E3CE123F1111600EE7100 /* Data.swift */; };
		CC0E3CE423F111F000EE7100 /* Hike.swift in Sources */ = {isa = PBXBuildFile; fileRef = CC0E3CE323F111F000EE7100 /* Hike.swift */; };
		CC0E3CFB23F1165400EE7100 /* turtlerock_feature.jpg in Resources */ = {isa = PBXBuildFile; fileRef = CC0E3CEA23F1165400EE7100 /* turtlerock_feature.jpg */; };
		CC0E3CFC23F1165400EE7100 /* charleyrivers.jpg in Resources */ = {isa = PBXBuildFile; fileRef = CC0E3CEB23F1165400EE7100 /* charleyrivers.jpg */; };
		CC0E3CFD23F1165400EE7100 /* turtlerock.jpg in Resources */ = {isa = PBXBuildFile; fileRef = CC0E3CEC23F1165400EE7100 /* turtlerock.jpg */; };
		CC0E3CFE23F1165400EE7100 /* silversalmoncreek.jpg in Resources */ = {isa = PBXBuildFile; fileRef = CC0E3CED23F1165400EE7100 /* silversalmoncreek.jpg */; };
		CC0E3CFF23F1165400EE7100 /* hikeData.json in Resources */ = {isa = PBXBuildFile; fileRef = CC0E3CEE23F1165400EE7100 /* hikeData.json */; };
		CC0E3D0023F1165400EE7100 /* icybay.jpg in Resources */ = {isa = PBXBuildFile; fileRef = CC0E3CEF23F1165400EE7100 /* icybay.jpg */; };
		CC0E3D0123F1165400EE7100 /* lakemcdonald.jpg in Resources */ = {isa = PBXBuildFile; fileRef = CC0E3CF023F1165400EE7100 /* lakemcdonald.jpg */; };
		CC0E3D0223F1165400EE7100 /* hiddenlake.jpg in Resources */ = {isa = PBXBuildFile; fileRef = CC0E3CF123F1165400EE7100 /* hiddenlake.jpg */; };
		CC0E3D0323F1165400EE7100 /* twinlake.jpg in Resources */ = {isa = PBXBuildFile; fileRef = CC0E3CF223F1165400EE7100 /* twinlake.jpg */; };
		CC0E3D0423F1165400EE7100 /* charleyrivers_feature.jpg in Resources */ = {isa = PBXBuildFile; fileRef = CC0E3CF323F1165400EE7100 /* charleyrivers_feature.jpg */; };
		CC0E3D0623F1165400EE7100 /* landmarkData.json in Resources */ = {isa = PBXBuildFile; fileRef = CC0E3CF523F1165400EE7100 /* landmarkData.json */; };
		CC0E3D0723F1165400EE7100 /* chincoteague.jpg in Resources */ = {isa = PBXBuildFile; fileRef = CC0E3CF623F1165400EE7100 /* chincoteague.jpg */; };
		CC0E3D0823F1165400EE7100 /* stmarylake.jpg in Resources */ = {isa = PBXBuildFile; fileRef = CC0E3CF723F1165400EE7100 /* stmarylake.jpg */; };
		CC0E3D0923F1165400EE7100 /* chilkoottrail.jpg in Resources */ = {isa = PBXBuildFile; fileRef = CC0E3CF823F1165400EE7100 /* chilkoottrail.jpg */; };
		CC0E3D0A23F1165400EE7100 /* stmarylake_feature.jpg in Resources */ = {isa = PBXBuildFile; fileRef = CC0E3CF923F1165400EE7100 /* stmarylake_feature.jpg */; };
		CC0E3D0B23F1165400EE7100 /* rainbowlake.jpg in Resources */ = {isa = PBXBuildFile; fileRef = CC0E3CFA23F1165400EE7100 /* rainbowlake.jpg */; };
		CC0E3D0D23F12AA500EE7100 /* LandmarkList.swift in Sources */ = {isa = PBXBuildFile; fileRef = CC0E3D0C23F12AA500EE7100 /* LandmarkList.swift */; };
		CC0E3D0F23F12F9F00EE7100 /* umbagog.jpg in Resources */ = {isa = PBXBuildFile; fileRef = CC0E3D0E23F12F9F00EE7100 /* umbagog.jpg */; };
		CC367F0323F6E7050007E70C /* PageViewController.swift in Sources */ = {isa = PBXBuildFile; fileRef = CC367F0223F6E7050007E70C /* PageViewController.swift */; };
		CC367F0523F6EE460007E70C /* PageView.swift in Sources */ = {isa = PBXBuildFile; fileRef = CC367F0423F6EE460007E70C /* PageView.swift */; };
		CC367F0923F7195C0007E70C /* FeatureCard.swift in Sources */ = {isa = PBXBuildFile; fileRef = CC367F0823F7195C0007E70C /* FeatureCard.swift */; };
		CC367F0B23F72C280007E70C /* PageControl.swift in Sources */ = {isa = PBXBuildFile; fileRef = CC367F0A23F72C280007E70C /* PageControl.swift */; };
		CC49FF8123F67AFC00D435EB /* ProfileHost.swift in Sources */ = {isa = PBXBuildFile; fileRef = CC49FF8023F67AFC00D435EB /* ProfileHost.swift */; };
		CC49FF8323F67BD200D435EB /* Profile.swift in Sources */ = {isa = PBXBuildFile; fileRef = CC49FF8223F67BD100D435EB /* Profile.swift */; };
		CC49FF8523F67F6C00D435EB /* ProfileSummary.swift in Sources */ = {isa = PBXBuildFile; fileRef = CC49FF8423F67F6C00D435EB /* ProfileSummary.swift */; };
		CC57E4BA23F6C77300D24505 /* ProfileEditor.swift in Sources */ = {isa = PBXBuildFile; fileRef = CC57E4B923F6C77300D24505 /* ProfileEditor.swift */; };
		CCCE1F0623F43CF30007A7F6 /* UserData.swift in Sources */ = {isa = PBXBuildFile; fileRef = CCCE1F0523F43CF30007A7F6 /* UserData.swift */; };
		CCCE1F0823F46F3C0007A7F6 /* Badge.swift in Sources */ = {isa = PBXBuildFile; fileRef = CCCE1F0723F46F3C0007A7F6 /* Badge.swift */; };
		CCCE1F0A23F470DE0007A7F6 /* HexagonParameters.swift in Sources */ = {isa = PBXBuildFile; fileRef = CCCE1F0923F470DE0007A7F6 /* HexagonParameters.swift */; };
		CCCE1F0C23F480590007A7F6 /* BadgeBackground.swift in Sources */ = {isa = PBXBuildFile; fileRef = CCCE1F0B23F480590007A7F6 /* BadgeBackground.swift */; };
		CCCE1F0E23F480E80007A7F6 /* BadgeSymbol.swift in Sources */ = {isa = PBXBuildFile; fileRef = CCCE1F0D23F480E80007A7F6 /* BadgeSymbol.swift */; };
		CCCE1F1023F481FF0007A7F6 /* RotatedBadgeSymbol.swift in Sources */ = {isa = PBXBuildFile; fileRef = CCCE1F0F23F481FF0007A7F6 /* RotatedBadgeSymbol.swift */; };
		CCCE1F1223F485790007A7F6 /* HikeView.swift in Sources */ = {isa = PBXBuildFile; fileRef = CCCE1F1123F485790007A7F6 /* HikeView.swift */; };
		CCCE1F1423F4869C0007A7F6 /* HikeGraph.swift in Sources */ = {isa = PBXBuildFile; fileRef = CCCE1F1323F4869C0007A7F6 /* HikeGraph.swift */; };
		CCCE1F1623F4873D0007A7F6 /* GraphCapsule.swift in Sources */ = {isa = PBXBuildFile; fileRef = CCCE1F1523F4873D0007A7F6 /* GraphCapsule.swift */; };
		CCCE1F1823F48D5B0007A7F6 /* HikeDetail.swift in Sources */ = {isa = PBXBuildFile; fileRef = CCCE1F1723F48D5B0007A7F6 /* HikeDetail.swift */; };
		CCD4122C23F825C0008ED29F /* Assets.xcassets in Resources */ = {isa = PBXBuildFile; fileRef = CCD4122B23F825C0008ED29F /* Assets.xcassets */; };
		CCD4123323F825C0008ED29F /* WatchLandmarks Extension.appex in Embed App Extensions */ = {isa = PBXBuildFile; fileRef = CCD4123223F825C0008ED29F /* WatchLandmarks Extension.appex */; settings = {ATTRIBUTES = (RemoveHeadersOnCopy, ); }; };
		CCD4123823F825C0008ED29F /* ContentView.swift in Sources */ = {isa = PBXBuildFile; fileRef = CCD4123723F825C0008ED29F /* ContentView.swift */; };
		CCD4123A23F825C0008ED29F /* HostingController.swift in Sources */ = {isa = PBXBuildFile; fileRef = CCD4123923F825C0008ED29F /* HostingController.swift */; };
		CCD4123C23F825C0008ED29F /* ExtensionDelegate.swift in Sources */ = {isa = PBXBuildFile; fileRef = CCD4123B23F825C0008ED29F /* ExtensionDelegate.swift */; };
		CCD4123E23F825C0008ED29F /* NotificationController.swift in Sources */ = {isa = PBXBuildFile; fileRef = CCD4123D23F825C0008ED29F /* NotificationController.swift */; };
		CCD4124023F825C0008ED29F /* NotificationView.swift in Sources */ = {isa = PBXBuildFile; fileRef = CCD4123F23F825C0008ED29F /* NotificationView.swift */; };
		CCD4124223F825C2008ED29F /* Assets.xcassets in Resources */ = {isa = PBXBuildFile; fileRef = CCD4124123F825C2008ED29F /* Assets.xcassets */; };
		CCD4124523F825C2008ED29F /* Preview Assets.xcassets in Resources */ = {isa = PBXBuildFile; fileRef = CCD4124423F825C2008ED29F /* Preview Assets.xcassets */; };
		CCD4124A23F825C2008ED29F /* WatchLandmarks.app in Embed Watch Content */ = {isa = PBXBuildFile; fileRef = CCD4122623F825BB008ED29F /* WatchLandmarks.app */; settings = {ATTRIBUTES = (RemoveHeadersOnCopy, ); }; };
/* End PBXBuildFile section */

/* Begin PBXContainerItemProxy section */
		CCD4123423F825C0008ED29F /* PBXContainerItemProxy */ = {
			isa = PBXContainerItemProxy;
			containerPortal = CC0E3CBA23EED0EC00EE7100 /* Project object */;
			proxyType = 1;
			remoteGlobalIDString = CCD4123123F825C0008ED29F;
			remoteInfo = "WatchLandmarks Extension";
		};
		CCD4124823F825C2008ED29F /* PBXContainerItemProxy */ = {
			isa = PBXContainerItemProxy;
			containerPortal = CC0E3CBA23EED0EC00EE7100 /* Project object */;
			proxyType = 1;
			remoteGlobalIDString = CCD4122523F825BB008ED29F;
			remoteInfo = WatchLandmarks;
		};
/* End PBXContainerItemProxy section */

/* Begin PBXCopyFilesBuildPhase section */
		CCD4124B23F825C2008ED29F /* Embed Watch Content */ = {
			isa = PBXCopyFilesBuildPhase;
			buildActionMask = 2147483647;
			dstPath = "$(CONTENTS_FOLDER_PATH)/Watch";
			dstSubfolderSpec = 16;
			files = (
				CCD4124A23F825C2008ED29F /* WatchLandmarks.app in Embed Watch Content */,
			);
			name = "Embed Watch Content";
			runOnlyForDeploymentPostprocessing = 0;
		};
		CCD4124E23F825C2008ED29F /* Embed App Extensions */ = {
			isa = PBXCopyFilesBuildPhase;
			buildActionMask = 2147483647;
			dstPath = "";
			dstSubfolderSpec = 13;
			files = (
				CCD4123323F825C0008ED29F /* WatchLandmarks Extension.appex in Embed App Extensions */,
			);
			name = "Embed App Extensions";
			runOnlyForDeploymentPostprocessing = 0;
		};
/* End PBXCopyFilesBuildPhase section */

/* Begin PBXFileReference section */
		CC02125C23F556B900B5DD90 /* Home.swift */ = {isa = PBXFileReference; lastKnownFileType = sourcecode.swift; path = Home.swift; sourceTree = "<group>"; };
		CC02125E23F58AF100B5DD90 /* CategoryRow.swift */ = {isa = PBXFileReference; lastKnownFileType = sourcecode.swift; path = CategoryRow.swift; sourceTree = "<group>"; };
		CC0C6D1823F8575C00C8ECD5 /* HikeBadge.swift */ = {isa = PBXFileReference; fileEncoding = 4; lastKnownFileType = sourcecode.swift; path = HikeBadge.swift; sourceTree = "<group>"; };
		CC0C6D3523F8661800C8ECD5 /* WatchLandmarkDetail.swift */ = {isa = PBXFileReference; fileEncoding = 4; lastKnownFileType = sourcecode.swift; path = WatchLandmarkDetail.swift; sourceTree = "<group>"; };
		CC0C6D3723F86C6100C8ECD5 /* WatchMapView.swift */ = {isa = PBXFileReference; lastKnownFileType = sourcecode.swift; path = WatchMapView.swift; sourceTree = "<group>"; };
		CC0C6D3D23F90E3200C8ECD5 /* Base */ = {isa = PBXFileReference; lastKnownFileType = file.storyboard; name = Base; path = Base.lproj/Interface.storyboard; sourceTree = "<group>"; };
		CC0E3CC223EED0EC00EE7100 /* BBSwiftUI_Pro.app */ = {isa = PBXFileReference; explicitFileType = wrapper.application; includeInIndex = 0; path = BBSwiftUI_Pro.app; sourceTree = BUILT_PRODUCTS_DIR; };
		CC0E3CC523EED0EC00EE7100 /* AppDelegate.swift */ = {isa = PBXFileReference; lastKnownFileType = sourcecode.swift; path = AppDelegate.swift; sourceTree = "<group>"; };
		CC0E3CC723EED0EC00EE7100 /* SceneDelegate.swift */ = {isa = PBXFileReference; lastKnownFileType = sourcecode.swift; path = SceneDelegate.swift; sourceTree = "<group>"; };
		CC0E3CC923EED0EC00EE7100 /* LandmarkDetail.swift */ = {isa = PBXFileReference; lastKnownFileType = sourcecode.swift; path = LandmarkDetail.swift; sourceTree = "<group>"; };
		CC0E3CCB23EED0F100EE7100 /* Assets.xcassets */ = {isa = PBXFileReference; lastKnownFileType = folder.assetcatalog; path = Assets.xcassets; sourceTree = "<group>"; };
		CC0E3CCE23EED0F100EE7100 /* Preview Assets.xcassets */ = {isa = PBXFileReference; lastKnownFileType = folder.assetcatalog; path = "Preview Assets.xcassets"; sourceTree = "<group>"; };
		CC0E3CD323EED0F100EE7100 /* Info.plist */ = {isa = PBXFileReference; lastKnownFileType = text.plist.xml; path = Info.plist; sourceTree = "<group>"; };
		CC0E3CD923F071E700EE7100 /* CircleImage.swift */ = {isa = PBXFileReference; lastKnownFileType = sourcecode.swift; path = CircleImage.swift; sourceTree = "<group>"; };
		CC0E3CDB23F074E400EE7100 /* MapView.swift */ = {isa = PBXFileReference; lastKnownFileType = sourcecode.swift; path = MapView.swift; sourceTree = "<group>"; };
		CC0E3CDD23F10C6A00EE7100 /* LandmarkRow.swift */ = {isa = PBXFileReference; lastKnownFileType = sourcecode.swift; path = LandmarkRow.swift; sourceTree = "<group>"; };
		CC0E3CDF23F10D3800EE7100 /* Landmark.swift */ = {isa = PBXFileReference; fileEncoding = 4; lastKnownFileType = sourcecode.swift; path = Landmark.swift; sourceTree = "<group>"; };
		CC0E3CE123F1111600EE7100 /* Data.swift */ = {isa = PBXFileReference; fileEncoding = 4; lastKnownFileType = sourcecode.swift; path = Data.swift; sourceTree = "<group>"; };
		CC0E3CE323F111F000EE7100 /* Hike.swift */ = {isa = PBXFileReference; fileEncoding = 4; lastKnownFileType = sourcecode.swift; path = Hike.swift; sourceTree = "<group>"; };
		CC0E3CEA23F1165400EE7100 /* turtlerock_feature.jpg */ = {isa = PBXFileReference; lastKnownFileType = image.jpeg; path = turtlerock_feature.jpg; sourceTree = "<group>"; };
		CC0E3CEB23F1165400EE7100 /* charleyrivers.jpg */ = {isa = PBXFileReference; lastKnownFileType = image.jpeg; path = charleyrivers.jpg; sourceTree = "<group>"; };
		CC0E3CEC23F1165400EE7100 /* turtlerock.jpg */ = {isa = PBXFileReference; lastKnownFileType = image.jpeg; path = turtlerock.jpg; sourceTree = "<group>"; };
		CC0E3CED23F1165400EE7100 /* silversalmoncreek.jpg */ = {isa = PBXFileReference; lastKnownFileType = image.jpeg; path = silversalmoncreek.jpg; sourceTree = "<group>"; };
		CC0E3CEE23F1165400EE7100 /* hikeData.json */ = {isa = PBXFileReference; fileEncoding = 4; lastKnownFileType = text.json; path = hikeData.json; sourceTree = "<group>"; };
		CC0E3CEF23F1165400EE7100 /* icybay.jpg */ = {isa = PBXFileReference; lastKnownFileType = image.jpeg; path = icybay.jpg; sourceTree = "<group>"; };
		CC0E3CF023F1165400EE7100 /* lakemcdonald.jpg */ = {isa = PBXFileReference; lastKnownFileType = image.jpeg; path = lakemcdonald.jpg; sourceTree = "<group>"; };
		CC0E3CF123F1165400EE7100 /* hiddenlake.jpg */ = {isa = PBXFileReference; lastKnownFileType = image.jpeg; path = hiddenlake.jpg; sourceTree = "<group>"; };
		CC0E3CF223F1165400EE7100 /* twinlake.jpg */ = {isa = PBXFileReference; lastKnownFileType = image.jpeg; path = twinlake.jpg; sourceTree = "<group>"; };
		CC0E3CF323F1165400EE7100 /* charleyrivers_feature.jpg */ = {isa = PBXFileReference; lastKnownFileType = image.jpeg; path = charleyrivers_feature.jpg; sourceTree = "<group>"; };
		CC0E3CF523F1165400EE7100 /* landmarkData.json */ = {isa = PBXFileReference; fileEncoding = 4; lastKnownFileType = text.json; path = landmarkData.json; sourceTree = "<group>"; };
		CC0E3CF623F1165400EE7100 /* chincoteague.jpg */ = {isa = PBXFileReference; lastKnownFileType = image.jpeg; path = chincoteague.jpg; sourceTree = "<group>"; };
		CC0E3CF723F1165400EE7100 /* stmarylake.jpg */ = {isa = PBXFileReference; lastKnownFileType = image.jpeg; path = stmarylake.jpg; sourceTree = "<group>"; };
		CC0E3CF823F1165400EE7100 /* chilkoottrail.jpg */ = {isa = PBXFileReference; lastKnownFileType = image.jpeg; path = chilkoottrail.jpg; sourceTree = "<group>"; };
		CC0E3CF923F1165400EE7100 /* stmarylake_feature.jpg */ = {isa = PBXFileReference; lastKnownFileType = image.jpeg; path = stmarylake_feature.jpg; sourceTree = "<group>"; };
		CC0E3CFA23F1165400EE7100 /* rainbowlake.jpg */ = {isa = PBXFileReference; lastKnownFileType = image.jpeg; path = rainbowlake.jpg; sourceTree = "<group>"; };
		CC0E3D0C23F12AA500EE7100 /* LandmarkList.swift */ = {isa = PBXFileReference; lastKnownFileType = sourcecode.swift; path = LandmarkList.swift; sourceTree = "<group>"; };
		CC0E3D0E23F12F9F00EE7100 /* umbagog.jpg */ = {isa = PBXFileReference; lastKnownFileType = image.jpeg; name = umbagog.jpg; path = "../../../SwiftUI-Tutorials-master/App-Design-and-Layout/Resources/umbagog.jpg"; sourceTree = "<group>"; };
		CC367F0223F6E7050007E70C /* PageViewController.swift */ = {isa = PBXFileReference; lastKnownFileType = sourcecode.swift; path = PageViewController.swift; sourceTree = "<group>"; };
		CC367F0423F6EE460007E70C /* PageView.swift */ = {isa = PBXFileReference; lastKnownFileType = sourcecode.swift; path = PageView.swift; sourceTree = "<group>"; };
		CC367F0823F7195C0007E70C /* FeatureCard.swift */ = {isa = PBXFileReference; fileEncoding = 4; lastKnownFileType = sourcecode.swift; path = FeatureCard.swift; sourceTree = "<group>"; };
		CC367F0A23F72C280007E70C /* PageControl.swift */ = {isa = PBXFileReference; lastKnownFileType = sourcecode.swift; path = PageControl.swift; sourceTree = "<group>"; };
		CC49FF8023F67AFC00D435EB /* ProfileHost.swift */ = {isa = PBXFileReference; lastKnownFileType = sourcecode.swift; path = ProfileHost.swift; sourceTree = "<group>"; };
		CC49FF8223F67BD100D435EB /* Profile.swift */ = {isa = PBXFileReference; fileEncoding = 4; lastKnownFileType = sourcecode.swift; path = Profile.swift; sourceTree = "<group>"; };
		CC49FF8423F67F6C00D435EB /* ProfileSummary.swift */ = {isa = PBXFileReference; lastKnownFileType = sourcecode.swift; path = ProfileSummary.swift; sourceTree = "<group>"; };
		CC57E4B923F6C77300D24505 /* ProfileEditor.swift */ = {isa = PBXFileReference; lastKnownFileType = sourcecode.swift; path = ProfileEditor.swift; sourceTree = "<group>"; };
		CCCE1F0523F43CF30007A7F6 /* UserData.swift */ = {isa = PBXFileReference; lastKnownFileType = sourcecode.swift; path = UserData.swift; sourceTree = "<group>"; };
		CCCE1F0723F46F3C0007A7F6 /* Badge.swift */ = {isa = PBXFileReference; lastKnownFileType = sourcecode.swift; path = Badge.swift; sourceTree = "<group>"; };
		CCCE1F0923F470DE0007A7F6 /* HexagonParameters.swift */ = {isa = PBXFileReference; fileEncoding = 4; lastKnownFileType = sourcecode.swift; path = HexagonParameters.swift; sourceTree = "<group>"; };
		CCCE1F0B23F480590007A7F6 /* BadgeBackground.swift */ = {isa = PBXFileReference; lastKnownFileType = sourcecode.swift; path = BadgeBackground.swift; sourceTree = "<group>"; };
		CCCE1F0D23F480E80007A7F6 /* BadgeSymbol.swift */ = {isa = PBXFileReference; lastKnownFileType = sourcecode.swift; path = BadgeSymbol.swift; sourceTree = "<group>"; };
		CCCE1F0F23F481FF0007A7F6 /* RotatedBadgeSymbol.swift */ = {isa = PBXFileReference; lastKnownFileType = sourcecode.swift; path = RotatedBadgeSymbol.swift; sourceTree = "<group>"; };
		CCCE1F1123F485790007A7F6 /* HikeView.swift */ = {isa = PBXFileReference; lastKnownFileType = sourcecode.swift; path = HikeView.swift; sourceTree = "<group>"; };
		CCCE1F1323F4869C0007A7F6 /* HikeGraph.swift */ = {isa = PBXFileReference; fileEncoding = 4; lastKnownFileType = sourcecode.swift; path = HikeGraph.swift; sourceTree = "<group>"; };
		CCCE1F1523F4873D0007A7F6 /* GraphCapsule.swift */ = {isa = PBXFileReference; fileEncoding = 4; lastKnownFileType = sourcecode.swift; path = GraphCapsule.swift; sourceTree = "<group>"; };
		CCCE1F1723F48D5B0007A7F6 /* HikeDetail.swift */ = {isa = PBXFileReference; fileEncoding = 4; lastKnownFileType = sourcecode.swift; path = HikeDetail.swift; sourceTree = "<group>"; usesTabs = 0; };
		CCD4122623F825BB008ED29F /* WatchLandmarks.app */ = {isa = PBXFileReference; explicitFileType = wrapper.application; includeInIndex = 0; path = WatchLandmarks.app; sourceTree = BUILT_PRODUCTS_DIR; };
		CCD4122B23F825C0008ED29F /* Assets.xcassets */ = {isa = PBXFileReference; lastKnownFileType = folder.assetcatalog; path = Assets.xcassets; sourceTree = "<group>"; };
		CCD4122D23F825C0008ED29F /* Info.plist */ = {isa = PBXFileReference; lastKnownFileType = text.plist.xml; path = Info.plist; sourceTree = "<group>"; };
		CCD4123223F825C0008ED29F /* WatchLandmarks Extension.appex */ = {isa = PBXFileReference; explicitFileType = "wrapper.app-extension"; includeInIndex = 0; path = "WatchLandmarks Extension.appex"; sourceTree = BUILT_PRODUCTS_DIR; };
		CCD4123723F825C0008ED29F /* ContentView.swift */ = {isa = PBXFileReference; lastKnownFileType = sourcecode.swift; path = ContentView.swift; sourceTree = "<group>"; };
		CCD4123923F825C0008ED29F /* HostingController.swift */ = {isa = PBXFileReference; lastKnownFileType = sourcecode.swift; path = HostingController.swift; sourceTree = "<group>"; };
		CCD4123B23F825C0008ED29F /* ExtensionDelegate.swift */ = {isa = PBXFileReference; lastKnownFileType = sourcecode.swift; path = ExtensionDelegate.swift; sourceTree = "<group>"; };
		CCD4123D23F825C0008ED29F /* NotificationController.swift */ = {isa = PBXFileReference; lastKnownFileType = sourcecode.swift; path = NotificationController.swift; sourceTree = "<group>"; };
		CCD4123F23F825C0008ED29F /* NotificationView.swift */ = {isa = PBXFileReference; lastKnownFileType = sourcecode.swift; path = NotificationView.swift; sourceTree = "<group>"; };
		CCD4124123F825C2008ED29F /* Assets.xcassets */ = {isa = PBXFileReference; lastKnownFileType = folder.assetcatalog; path = Assets.xcassets; sourceTree = "<group>"; };
		CCD4124423F825C2008ED29F /* Preview Assets.xcassets */ = {isa = PBXFileReference; lastKnownFileType = folder.assetcatalog; path = "Preview Assets.xcassets"; sourceTree = "<group>"; };
		CCD4124623F825C2008ED29F /* Info.plist */ = {isa = PBXFileReference; lastKnownFileType = text.plist.xml; path = Info.plist; sourceTree = "<group>"; };
		CCD4124723F825C2008ED29F /* PushNotificationPayload.apns */ = {isa = PBXFileReference; lastKnownFileType = text; path = PushNotificationPayload.apns; sourceTree = "<group>"; };
/* End PBXFileReference section */

/* Begin PBXFrameworksBuildPhase section */
		CC0E3CBF23EED0EC00EE7100 /* Frameworks */ = {
			isa = PBXFrameworksBuildPhase;
			buildActionMask = 2147483647;
			files = (
			);
			runOnlyForDeploymentPostprocessing = 0;
		};
		CCD4122F23F825C0008ED29F /* Frameworks */ = {
			isa = PBXFrameworksBuildPhase;
			buildActionMask = 2147483647;
			files = (
			);
			runOnlyForDeploymentPostprocessing = 0;
		};
/* End PBXFrameworksBuildPhase section */

/* Begin PBXGroup section */
		CC0E3CB923EED0EC00EE7100 = {
			isa = PBXGroup;
			children = (
				CC0E3CC423EED0EC00EE7100 /* BBSwiftUI_Pro */,
				CCD4122723F825BB008ED29F /* WatchLandmarks */,
				CCD4123623F825C0008ED29F /* WatchLandmarks Extension */,
				CC0E3CC323EED0EC00EE7100 /* Products */,
			);
			sourceTree = "<group>";
		};
		CC0E3CC323EED0EC00EE7100 /* Products */ = {
			isa = PBXGroup;
			children = (
				CC0E3CC223EED0EC00EE7100 /* BBSwiftUI_Pro.app */,
				CCD4122623F825BB008ED29F /* WatchLandmarks.app */,
				CCD4123223F825C0008ED29F /* WatchLandmarks Extension.appex */,
			);
			name = Products;
			sourceTree = "<group>";
		};
		CC0E3CC423EED0EC00EE7100 /* BBSwiftUI_Pro */ = {
			isa = PBXGroup;
			children = (
				CC0E3CC523EED0EC00EE7100 /* AppDelegate.swift */,
				CC0E3CC723EED0EC00EE7100 /* SceneDelegate.swift */,
				CC02125C23F556B900B5DD90 /* Home.swift */,
				CC02125E23F58AF100B5DD90 /* CategoryRow.swift */,
				CC0E3CD923F071E700EE7100 /* CircleImage.swift */,
				CC0E3CDB23F074E400EE7100 /* MapView.swift */,
				CC367F0223F6E7050007E70C /* PageViewController.swift */,
				CC367F0423F6EE460007E70C /* PageView.swift */,
				CC367F0A23F72C280007E70C /* PageControl.swift */,
				CC367F0823F7195C0007E70C /* FeatureCard.swift */,
				CC0E3CC923EED0EC00EE7100 /* LandmarkDetail.swift */,
				CC0E3D0C23F12AA500EE7100 /* LandmarkList.swift */,
				CC0E3CDD23F10C6A00EE7100 /* LandmarkRow.swift */,
				CCCE1F1123F485790007A7F6 /* HikeView.swift */,
				CCCE1F1323F4869C0007A7F6 /* HikeGraph.swift */,
				CCCE1F1723F48D5B0007A7F6 /* HikeDetail.swift */,
				CCCE1F0723F46F3C0007A7F6 /* Badge.swift */,
				CCCE1F0D23F480E80007A7F6 /* BadgeSymbol.swift */,
				CC0C6D1823F8575C00C8ECD5 /* HikeBadge.swift */,
				CCCE1F0F23F481FF0007A7F6 /* RotatedBadgeSymbol.swift */,
				CCCE1F0B23F480590007A7F6 /* BadgeBackground.swift */,
				CCCE1F0923F470DE0007A7F6 /* HexagonParameters.swift */,
				CCCE1F1523F4873D0007A7F6 /* GraphCapsule.swift */,
				CC49FF8423F67F6C00D435EB /* ProfileSummary.swift */,
				CC49FF8023F67AFC00D435EB /* ProfileHost.swift */,
				CC57E4B923F6C77300D24505 /* ProfileEditor.swift */,
				CC49FF8223F67BD100D435EB /* Profile.swift */,
				CC0E3CDF23F10D3800EE7100 /* Landmark.swift */,
				CCCE1F0523F43CF30007A7F6 /* UserData.swift */,
				CC0E3CE123F1111600EE7100 /* Data.swift */,
				CC0E3CE323F111F000EE7100 /* Hike.swift */,
				CC0E3CE923F1165400EE7100 /* Resources */,
				CC0E3CCB23EED0F100EE7100 /* Assets.xcassets */,
				CC0E3CD323EED0F100EE7100 /* Info.plist */,
				CC0E3CCD23EED0F100EE7100 /* Preview Content */,
			);
			path = BBSwiftUI_Pro;
			sourceTree = "<group>";
		};
		CC0E3CCD23EED0F100EE7100 /* Preview Content */ = {
			isa = PBXGroup;
			children = (
				CC0E3CCE23EED0F100EE7100 /* Preview Assets.xcassets */,
			);
			path = "Preview Content";
			sourceTree = "<group>";
		};
		CC0E3CE923F1165400EE7100 /* Resources */ = {
			isa = PBXGroup;
			children = (
				CC0E3CEA23F1165400EE7100 /* turtlerock_feature.jpg */,
				CC0E3CEB23F1165400EE7100 /* charleyrivers.jpg */,
				CC0E3CEC23F1165400EE7100 /* turtlerock.jpg */,
				CC0E3CED23F1165400EE7100 /* silversalmoncreek.jpg */,
				CC0E3CEE23F1165400EE7100 /* hikeData.json */,
				CC0E3CEF23F1165400EE7100 /* icybay.jpg */,
				CC0E3CF023F1165400EE7100 /* lakemcdonald.jpg */,
				CC0E3CF123F1165400EE7100 /* hiddenlake.jpg */,
				CC0E3CF223F1165400EE7100 /* twinlake.jpg */,
				CC0E3CF323F1165400EE7100 /* charleyrivers_feature.jpg */,
				CC0E3D0E23F12F9F00EE7100 /* umbagog.jpg */,
				CC0E3CF523F1165400EE7100 /* landmarkData.json */,
				CC0E3CF623F1165400EE7100 /* chincoteague.jpg */,
				CC0E3CF723F1165400EE7100 /* stmarylake.jpg */,
				CC0E3CF823F1165400EE7100 /* chilkoottrail.jpg */,
				CC0E3CF923F1165400EE7100 /* stmarylake_feature.jpg */,
				CC0E3CFA23F1165400EE7100 /* rainbowlake.jpg */,
			);
			path = Resources;
			sourceTree = "<group>";
		};
		CCD4122723F825BB008ED29F /* WatchLandmarks */ = {
			isa = PBXGroup;
			children = (
				CC0C6D3C23F90E3200C8ECD5 /* Interface.storyboard */,
				CCD4122B23F825C0008ED29F /* Assets.xcassets */,
				CCD4122D23F825C0008ED29F /* Info.plist */,
			);
			path = WatchLandmarks;
			sourceTree = "<group>";
		};
		CCD4123623F825C0008ED29F /* WatchLandmarks Extension */ = {
			isa = PBXGroup;
			children = (
				CCD4123723F825C0008ED29F /* ContentView.swift */,
				CCD4123923F825C0008ED29F /* HostingController.swift */,
				CC0C6D3523F8661800C8ECD5 /* WatchLandmarkDetail.swift */,
				CC0C6D3723F86C6100C8ECD5 /* WatchMapView.swift */,
				CCD4123B23F825C0008ED29F /* ExtensionDelegate.swift */,
				CCD4123D23F825C0008ED29F /* NotificationController.swift */,
				CCD4123F23F825C0008ED29F /* NotificationView.swift */,
				CCD4124123F825C2008ED29F /* Assets.xcassets */,
				CCD4124623F825C2008ED29F /* Info.plist */,
				CCD4124723F825C2008ED29F /* PushNotificationPayload.apns */,
				CCD4124323F825C2008ED29F /* Preview Content */,
			);
			path = "WatchLandmarks Extension";
			sourceTree = "<group>";
		};
		CCD4124323F825C2008ED29F /* Preview Content */ = {
			isa = PBXGroup;
			children = (
				CCD4124423F825C2008ED29F /* Preview Assets.xcassets */,
			);
			path = "Preview Content";
			sourceTree = "<group>";
		};
/* End PBXGroup section */

/* Begin PBXNativeTarget section */
		CC0E3CC123EED0EC00EE7100 /* BBSwiftUI_Pro */ = {
			isa = PBXNativeTarget;
			buildConfigurationList = CC0E3CD623EED0F100EE7100 /* Build configuration list for PBXNativeTarget "BBSwiftUI_Pro" */;
			buildPhases = (
				CC0E3CBE23EED0EC00EE7100 /* Sources */,
				CC0E3CBF23EED0EC00EE7100 /* Frameworks */,
				CC0E3CC023EED0EC00EE7100 /* Resources */,
				CCD4124B23F825C2008ED29F /* Embed Watch Content */,
			);
			buildRules = (
			);
			dependencies = (
				CCD4124923F825C2008ED29F /* PBXTargetDependency */,
			);
			name = BBSwiftUI_Pro;
			productName = BBSwiftUI_Pro;
			productReference = CC0E3CC223EED0EC00EE7100 /* BBSwiftUI_Pro.app */;
			productType = "com.apple.product-type.application";
		};
		CCD4122523F825BB008ED29F /* WatchLandmarks */ = {
			isa = PBXNativeTarget;
			buildConfigurationList = CCD4125223F825C2008ED29F /* Build configuration list for PBXNativeTarget "WatchLandmarks" */;
			buildPhases = (
				CCD4122423F825BB008ED29F /* Resources */,
				CCD4124E23F825C2008ED29F /* Embed App Extensions */,
			);
			buildRules = (
			);
			dependencies = (
				CCD4123523F825C0008ED29F /* PBXTargetDependency */,
			);
			name = WatchLandmarks;
			productName = WatchLandmarks;
			productReference = CCD4122623F825BB008ED29F /* WatchLandmarks.app */;
			productType = "com.apple.product-type.application.watchapp2";
		};
		CCD4123123F825C0008ED29F /* WatchLandmarks Extension */ = {
			isa = PBXNativeTarget;
			buildConfigurationList = CCD4125123F825C2008ED29F /* Build configuration list for PBXNativeTarget "WatchLandmarks Extension" */;
			buildPhases = (
				CCD4122E23F825C0008ED29F /* Sources */,
				CCD4122F23F825C0008ED29F /* Frameworks */,
				CCD4123023F825C0008ED29F /* Resources */,
			);
			buildRules = (
			);
			dependencies = (
			);
			name = "WatchLandmarks Extension";
			productName = "WatchLandmarks Extension";
			productReference = CCD4123223F825C0008ED29F /* WatchLandmarks Extension.appex */;
			productType = "com.apple.product-type.watchkit2-extension";
		};
/* End PBXNativeTarget section */

/* Begin PBXProject section */
		CC0E3CBA23EED0EC00EE7100 /* Project object */ = {
			isa = PBXProject;
			attributes = {
				LastSwiftUpdateCheck = 1140;
				LastUpgradeCheck = 1130;
				ORGANIZATIONNAME = BerryBeans;
				TargetAttributes = {
					CC0E3CC123EED0EC00EE7100 = {
						CreatedOnToolsVersion = 11.3.1;
					};
					CCD4122523F825BB008ED29F = {
						CreatedOnToolsVersion = 11.4;
					};
					CCD4123123F825C0008ED29F = {
						CreatedOnToolsVersion = 11.4;
					};
				};
			};
			buildConfigurationList = CC0E3CBD23EED0EC00EE7100 /* Build configuration list for PBXProject "BBSwiftUI_Pro" */;
			compatibilityVersion = "Xcode 9.3";
			developmentRegion = en;
			hasScannedForEncodings = 0;
			knownRegions = (
				en,
				Base,
			);
			mainGroup = CC0E3CB923EED0EC00EE7100;
			productRefGroup = CC0E3CC323EED0EC00EE7100 /* Products */;
			projectDirPath = "";
			projectRoot = "";
			targets = (
				CC0E3CC123EED0EC00EE7100 /* BBSwiftUI_Pro */,
				CCD4122523F825BB008ED29F /* WatchLandmarks */,
				CCD4123123F825C0008ED29F /* WatchLandmarks Extension */,
			);
		};
/* End PBXProject section */

/* Begin PBXResourcesBuildPhase section */
		CC0E3CC023EED0EC00EE7100 /* Resources */ = {
			isa = PBXResourcesBuildPhase;
			buildActionMask = 2147483647;
			files = (
				CC0E3CFF23F1165400EE7100 /* hikeData.json in Resources */,
				CC0E3D0B23F1165400EE7100 /* rainbowlake.jpg in Resources */,
				CC0E3D0923F1165400EE7100 /* chilkoottrail.jpg in Resources */,
				CC0E3CFC23F1165400EE7100 /* charleyrivers.jpg in Resources */,
				CC0E3CFD23F1165400EE7100 /* turtlerock.jpg in Resources */,
				CC0E3CCF23EED0F100EE7100 /* Preview Assets.xcassets in Resources */,
				CC0E3D0223F1165400EE7100 /* hiddenlake.jpg in Resources */,
				CC0E3D0F23F12F9F00EE7100 /* umbagog.jpg in Resources */,
				CC0E3D0323F1165400EE7100 /* twinlake.jpg in Resources */,
				CC0E3D0623F1165400EE7100 /* landmarkData.json in Resources */,
				CC0E3CFE23F1165400EE7100 /* silversalmoncreek.jpg in Resources */,
				CC0E3D0A23F1165400EE7100 /* stmarylake_feature.jpg in Resources */,
				CC0E3D0123F1165400EE7100 /* lakemcdonald.jpg in Resources */,
				CC0E3D0423F1165400EE7100 /* charleyrivers_feature.jpg in Resources */,
				CC0E3D0823F1165400EE7100 /* stmarylake.jpg in Resources */,
				CC0E3CCC23EED0F100EE7100 /* Assets.xcassets in Resources */,
				CC0E3D0023F1165400EE7100 /* icybay.jpg in Resources */,
				CC0E3D0723F1165400EE7100 /* chincoteague.jpg in Resources */,
				CC0E3CFB23F1165400EE7100 /* turtlerock_feature.jpg in Resources */,
			);
			runOnlyForDeploymentPostprocessing = 0;
		};
		CCD4122423F825BB008ED29F /* Resources */ = {
			isa = PBXResourcesBuildPhase;
			buildActionMask = 2147483647;
			files = (
				CC0C6D3E23F90E3200C8ECD5 /* Interface.storyboard in Resources */,
				CCD4122C23F825C0008ED29F /* Assets.xcassets in Resources */,
				CC0C6D3223F857E200C8ECD5 /* Assets.xcassets in Resources */,
			);
			runOnlyForDeploymentPostprocessing = 0;
		};
		CCD4123023F825C0008ED29F /* Resources */ = {
			isa = PBXResourcesBuildPhase;
			buildActionMask = 2147483647;
			files = (
				CCD4124523F825C2008ED29F /* Preview Assets.xcassets in Resources */,
				CCD4124223F825C2008ED29F /* Assets.xcassets in Resources */,
				CC0C6D2923F857C000C8ECD5 /* umbagog.jpg in Resources */,
				CC0C6D2E23F857C100C8ECD5 /* stmarylake_feature.jpg in Resources */,
				CC0C6D2423F857C000C8ECD5 /* icybay.jpg in Resources */,
				CC0C6D2523F857C000C8ECD5 /* lakemcdonald.jpg in Resources */,
				CC0C6D1F23F857C000C8ECD5 /* turtlerock_feature.jpg in Resources */,
				CC0C6D2223F857C000C8ECD5 /* silversalmoncreek.jpg in Resources */,
				CC0C6D2823F857C000C8ECD5 /* charleyrivers_feature.jpg in Resources */,
				CC0C6D2023F857C000C8ECD5 /* charleyrivers.jpg in Resources */,
				CC0C6D2B23F857C000C8ECD5 /* chincoteague.jpg in Resources */,
				CC0C6D2C23F857C100C8ECD5 /* stmarylake.jpg in Resources */,
				CC0C6D2D23F857C100C8ECD5 /* chilkoottrail.jpg in Resources */,
				CC0C6D2A23F857C000C8ECD5 /* landmarkData.json in Resources */,
				CC0C6D2323F857C000C8ECD5 /* hikeData.json in Resources */,
				CC0C6D2F23F857C100C8ECD5 /* rainbowlake.jpg in Resources */,
				CC0C6D2623F857C000C8ECD5 /* hiddenlake.jpg in Resources */,
				CC0C6D2123F857C000C8ECD5 /* turtlerock.jpg in Resources */,
				CC0C6D2723F857C000C8ECD5 /* twinlake.jpg in Resources */,
			);
			runOnlyForDeploymentPostprocessing = 0;
		};
/* End PBXResourcesBuildPhase section */

/* Begin PBXSourcesBuildPhase section */
		CC0E3CBE23EED0EC00EE7100 /* Sources */ = {
			isa = PBXSourcesBuildPhase;
			buildActionMask = 2147483647;
			files = (
				CC02125F23F58AF100B5DD90 /* CategoryRow.swift in Sources */,
				CC49FF8323F67BD200D435EB /* Profile.swift in Sources */,
				CC0E3CE023F10D3800EE7100 /* Landmark.swift in Sources */,
				CCCE1F1423F4869C0007A7F6 /* HikeGraph.swift in Sources */,
				CC367F0923F7195C0007E70C /* FeatureCard.swift in Sources */,
				CC49FF8123F67AFC00D435EB /* ProfileHost.swift in Sources */,
				CCCE1F0823F46F3C0007A7F6 /* Badge.swift in Sources */,
				CC367F0523F6EE460007E70C /* PageView.swift in Sources */,
				CC0E3CC623EED0EC00EE7100 /* AppDelegate.swift in Sources */,
				CC0E3CDA23F071E700EE7100 /* CircleImage.swift in Sources */,
				CC0E3CDE23F10C6A00EE7100 /* LandmarkRow.swift in Sources */,
				CCCE1F1223F485790007A7F6 /* HikeView.swift in Sources */,
				CC0E3CDC23F074E400EE7100 /* MapView.swift in Sources */,
				CCCE1F0623F43CF30007A7F6 /* UserData.swift in Sources */,
				CC0E3CC823EED0EC00EE7100 /* SceneDelegate.swift in Sources */,
				CCCE1F0E23F480E80007A7F6 /* BadgeSymbol.swift in Sources */,
				CC0E3CE423F111F000EE7100 /* Hike.swift in Sources */,
				CC367F0323F6E7050007E70C /* PageViewController.swift in Sources */,
				CCCE1F0C23F480590007A7F6 /* BadgeBackground.swift in Sources */,
				CC02125D23F556B900B5DD90 /* Home.swift in Sources */,
				CCCE1F0A23F470DE0007A7F6 /* HexagonParameters.swift in Sources */,
				CC0C6D1923F8575D00C8ECD5 /* HikeBadge.swift in Sources */,
				CC0E3CCA23EED0EC00EE7100 /* LandmarkDetail.swift in Sources */,
				CC0E3CE223F1111600EE7100 /* Data.swift in Sources */,
				CC0E3D0D23F12AA500EE7100 /* LandmarkList.swift in Sources */,
				CCCE1F1623F4873D0007A7F6 /* GraphCapsule.swift in Sources */,
				CC49FF8523F67F6C00D435EB /* ProfileSummary.swift in Sources */,
				CC367F0B23F72C280007E70C /* PageControl.swift in Sources */,
				CCCE1F1023F481FF0007A7F6 /* RotatedBadgeSymbol.swift in Sources */,
				CCCE1F1823F48D5B0007A7F6 /* HikeDetail.swift in Sources */,
				CC57E4BA23F6C77300D24505 /* ProfileEditor.swift in Sources */,
			);
			runOnlyForDeploymentPostprocessing = 0;
		};
		CCD4122E23F825C0008ED29F /* Sources */ = {
			isa = PBXSourcesBuildPhase;
			buildActionMask = 2147483647;
			files = (
				CC0C6D1E23F857B900C8ECD5 /* Hike.swift in Sources */,
				CC0C6D3823F86C6100C8ECD5 /* WatchMapView.swift in Sources */,
				CC0C6D1B23F857B900C8ECD5 /* Landmark.swift in Sources */,
				CCD4123A23F825C0008ED29F /* HostingController.swift in Sources */,
				CC0C6D3923F8766000C8ECD5 /* LandmarkList.swift in Sources */,
				CC0C6D1C23F857B900C8ECD5 /* UserData.swift in Sources */,
				CC0C6D1A23F857B900C8ECD5 /* Profile.swift in Sources */,
				CC0C6D3123F857D100C8ECD5 /* CircleImage.swift in Sources */,
				CCD4123823F825C0008ED29F /* ContentView.swift in Sources */,
				CCD4123E23F825C0008ED29F /* NotificationController.swift in Sources */,
				CCD4123C23F825C0008ED29F /* ExtensionDelegate.swift in Sources */,
				CC0C6D3623F8661900C8ECD5 /* WatchLandmarkDetail.swift in Sources */,
				CC0C6D3023F857CB00C8ECD5 /* LandmarkRow.swift in Sources */,
				CC0C6D1D23F857B900C8ECD5 /* Data.swift in Sources */,
				CCD4124023F825C0008ED29F /* NotificationView.swift in Sources */,
			);
			runOnlyForDeploymentPostprocessing = 0;
		};
/* End PBXSourcesBuildPhase section */

/* Begin PBXTargetDependency section */
		CCD4123523F825C0008ED29F /* PBXTargetDependency */ = {
			isa = PBXTargetDependency;
			target = CCD4123123F825C0008ED29F /* WatchLandmarks Extension */;
			targetProxy = CCD4123423F825C0008ED29F /* PBXContainerItemProxy */;
		};
		CCD4124923F825C2008ED29F /* PBXTargetDependency */ = {
			isa = PBXTargetDependency;
			target = CCD4122523F825BB008ED29F /* WatchLandmarks */;
			targetProxy = CCD4124823F825C2008ED29F /* PBXContainerItemProxy */;
		};
/* End PBXTargetDependency section */

/* Begin PBXVariantGroup section */
		CC0C6D3C23F90E3200C8ECD5 /* Interface.storyboard */ = {
			isa = PBXVariantGroup;
			children = (
				CC0C6D3D23F90E3200C8ECD5 /* Base */,
			);
			name = Interface.storyboard;
			sourceTree = "<group>";
		};
/* End PBXVariantGroup section */

/* Begin XCBuildConfiguration section */
		CC0E3CD423EED0F100EE7100 /* Debug */ = {
			isa = XCBuildConfiguration;
			buildSettings = {
				ALWAYS_SEARCH_USER_PATHS = NO;
				CLANG_ANALYZER_NONNULL = YES;
				CLANG_ANALYZER_NUMBER_OBJECT_CONVERSION = YES_AGGRESSIVE;
				CLANG_CXX_LANGUAGE_STANDARD = "gnu++14";
				CLANG_CXX_LIBRARY = "libc++";
				CLANG_ENABLE_MODULES = YES;
				CLANG_ENABLE_OBJC_ARC = YES;
				CLANG_ENABLE_OBJC_WEAK = YES;
				CLANG_WARN_BLOCK_CAPTURE_AUTORELEASING = YES;
				CLANG_WARN_BOOL_CONVERSION = YES;
				CLANG_WARN_COMMA = YES;
				CLANG_WARN_CONSTANT_CONVERSION = YES;
				CLANG_WARN_DEPRECATED_OBJC_IMPLEMENTATIONS = YES;
				CLANG_WARN_DIRECT_OBJC_ISA_USAGE = YES_ERROR;
				CLANG_WARN_DOCUMENTATION_COMMENTS = YES;
				CLANG_WARN_EMPTY_BODY = YES;
				CLANG_WARN_ENUM_CONVERSION = YES;
				CLANG_WARN_INFINITE_RECURSION = YES;
				CLANG_WARN_INT_CONVERSION = YES;
				CLANG_WARN_NON_LITERAL_NULL_CONVERSION = YES;
				CLANG_WARN_OBJC_IMPLICIT_RETAIN_SELF = YES;
				CLANG_WARN_OBJC_LITERAL_CONVERSION = YES;
				CLANG_WARN_OBJC_ROOT_CLASS = YES_ERROR;
				CLANG_WARN_RANGE_LOOP_ANALYSIS = YES;
				CLANG_WARN_STRICT_PROTOTYPES = YES;
				CLANG_WARN_SUSPICIOUS_MOVE = YES;
				CLANG_WARN_UNGUARDED_AVAILABILITY = YES_AGGRESSIVE;
				CLANG_WARN_UNREACHABLE_CODE = YES;
				CLANG_WARN__DUPLICATE_METHOD_MATCH = YES;
				COPY_PHASE_STRIP = NO;
				DEBUG_INFORMATION_FORMAT = dwarf;
				ENABLE_STRICT_OBJC_MSGSEND = YES;
				ENABLE_TESTABILITY = YES;
				GCC_C_LANGUAGE_STANDARD = gnu11;
				GCC_DYNAMIC_NO_PIC = NO;
				GCC_NO_COMMON_BLOCKS = YES;
				GCC_OPTIMIZATION_LEVEL = 0;
				GCC_PREPROCESSOR_DEFINITIONS = (
					"DEBUG=1",
					"$(inherited)",
				);
				GCC_WARN_64_TO_32_BIT_CONVERSION = YES;
				GCC_WARN_ABOUT_RETURN_TYPE = YES_ERROR;
				GCC_WARN_UNDECLARED_SELECTOR = YES;
				GCC_WARN_UNINITIALIZED_AUTOS = YES_AGGRESSIVE;
				GCC_WARN_UNUSED_FUNCTION = YES;
				GCC_WARN_UNUSED_VARIABLE = YES;
				IPHONEOS_DEPLOYMENT_TARGET = 13.2;
				MTL_ENABLE_DEBUG_INFO = INCLUDE_SOURCE;
				MTL_FAST_MATH = YES;
				ONLY_ACTIVE_ARCH = YES;
				SDKROOT = iphoneos;
				SWIFT_ACTIVE_COMPILATION_CONDITIONS = DEBUG;
				SWIFT_OPTIMIZATION_LEVEL = "-Onone";
			};
			name = Debug;
		};
		CC0E3CD523EED0F100EE7100 /* Release */ = {
			isa = XCBuildConfiguration;
			buildSettings = {
				ALWAYS_SEARCH_USER_PATHS = NO;
				CLANG_ANALYZER_NONNULL = YES;
				CLANG_ANALYZER_NUMBER_OBJECT_CONVERSION = YES_AGGRESSIVE;
				CLANG_CXX_LANGUAGE_STANDARD = "gnu++14";
				CLANG_CXX_LIBRARY = "libc++";
				CLANG_ENABLE_MODULES = YES;
				CLANG_ENABLE_OBJC_ARC = YES;
				CLANG_ENABLE_OBJC_WEAK = YES;
				CLANG_WARN_BLOCK_CAPTURE_AUTORELEASING = YES;
				CLANG_WARN_BOOL_CONVERSION = YES;
				CLANG_WARN_COMMA = YES;
				CLANG_WARN_CONSTANT_CONVERSION = YES;
				CLANG_WARN_DEPRECATED_OBJC_IMPLEMENTATIONS = YES;
				CLANG_WARN_DIRECT_OBJC_ISA_USAGE = YES_ERROR;
				CLANG_WARN_DOCUMENTATION_COMMENTS = YES;
				CLANG_WARN_EMPTY_BODY = YES;
				CLANG_WARN_ENUM_CONVERSION = YES;
				CLANG_WARN_INFINITE_RECURSION = YES;
				CLANG_WARN_INT_CONVERSION = YES;
				CLANG_WARN_NON_LITERAL_NULL_CONVERSION = YES;
				CLANG_WARN_OBJC_IMPLICIT_RETAIN_SELF = YES;
				CLANG_WARN_OBJC_LITERAL_CONVERSION = YES;
				CLANG_WARN_OBJC_ROOT_CLASS = YES_ERROR;
				CLANG_WARN_RANGE_LOOP_ANALYSIS = YES;
				CLANG_WARN_STRICT_PROTOTYPES = YES;
				CLANG_WARN_SUSPICIOUS_MOVE = YES;
				CLANG_WARN_UNGUARDED_AVAILABILITY = YES_AGGRESSIVE;
				CLANG_WARN_UNREACHABLE_CODE = YES;
				CLANG_WARN__DUPLICATE_METHOD_MATCH = YES;
				COPY_PHASE_STRIP = NO;
				DEBUG_INFORMATION_FORMAT = "dwarf-with-dsym";
				ENABLE_NS_ASSERTIONS = NO;
				ENABLE_STRICT_OBJC_MSGSEND = YES;
				GCC_C_LANGUAGE_STANDARD = gnu11;
				GCC_NO_COMMON_BLOCKS = YES;
				GCC_WARN_64_TO_32_BIT_CONVERSION = YES;
				GCC_WARN_ABOUT_RETURN_TYPE = YES_ERROR;
				GCC_WARN_UNDECLARED_SELECTOR = YES;
				GCC_WARN_UNINITIALIZED_AUTOS = YES_AGGRESSIVE;
				GCC_WARN_UNUSED_FUNCTION = YES;
				GCC_WARN_UNUSED_VARIABLE = YES;
				IPHONEOS_DEPLOYMENT_TARGET = 13.2;
				MTL_ENABLE_DEBUG_INFO = NO;
				MTL_FAST_MATH = YES;
				SDKROOT = iphoneos;
				SWIFT_COMPILATION_MODE = wholemodule;
				SWIFT_OPTIMIZATION_LEVEL = "-O";
				VALIDATE_PRODUCT = YES;
			};
			name = Release;
		};
		CC0E3CD723EED0F100EE7100 /* Debug */ = {
			isa = XCBuildConfiguration;
			buildSettings = {
				ASSETCATALOG_COMPILER_APPICON_NAME = AppIcon;
				CODE_SIGN_STYLE = Automatic;
				DEVELOPMENT_ASSET_PATHS = "\"BBSwiftUI_Pro/Preview Content\"";
				DEVELOPMENT_TEAM = 4HRX9LYRH4;
				ENABLE_PREVIEWS = YES;
				INFOPLIST_FILE = BBSwiftUI_Pro/Info.plist;
				IPHONEOS_DEPLOYMENT_TARGET = 13.2;
				LD_RUNPATH_SEARCH_PATHS = (
					"$(inherited)",
					"@executable_path/Frameworks",
				);
				PRODUCT_BUNDLE_IDENTIFIER = "com.BerryBeans.BBSwiftUI-Pro";
				PRODUCT_NAME = "$(TARGET_NAME)";
				SWIFT_VERSION = 5.0;
				TARGETED_DEVICE_FAMILY = "1,2";
			};
			name = Debug;
		};
		CC0E3CD823EED0F100EE7100 /* Release */ = {
			isa = XCBuildConfiguration;
			buildSettings = {
				ASSETCATALOG_COMPILER_APPICON_NAME = AppIcon;
				CODE_SIGN_STYLE = Automatic;
				DEVELOPMENT_ASSET_PATHS = "\"BBSwiftUI_Pro/Preview Content\"";
				DEVELOPMENT_TEAM = 4HRX9LYRH4;
				ENABLE_PREVIEWS = YES;
				INFOPLIST_FILE = BBSwiftUI_Pro/Info.plist;
				IPHONEOS_DEPLOYMENT_TARGET = 13.2;
				LD_RUNPATH_SEARCH_PATHS = (
					"$(inherited)",
					"@executable_path/Frameworks",
				);
				PRODUCT_BUNDLE_IDENTIFIER = "com.BerryBeans.BBSwiftUI-Pro";
				PRODUCT_NAME = "$(TARGET_NAME)";
				SWIFT_VERSION = 5.0;
				TARGETED_DEVICE_FAMILY = "1,2";
			};
			name = Release;
		};
		CCD4124C23F825C2008ED29F /* Debug */ = {
			isa = XCBuildConfiguration;
			buildSettings = {
				ALWAYS_EMBED_SWIFT_STANDARD_LIBRARIES = YES;
				ASSETCATALOG_COMPILER_APPICON_NAME = AppIcon;
				CODE_SIGN_STYLE = Automatic;
				DEVELOPMENT_TEAM = 4HRX9LYRH4;
				IBSC_MODULE = WatchLandmarks_Extension;
				INFOPLIST_FILE = WatchLandmarks/Info.plist;
				PRODUCT_BUNDLE_IDENTIFIER = "com.BerryBeans.BBSwiftUI-Pro.watchkitapp";
				PRODUCT_NAME = "$(TARGET_NAME)";
				SDKROOT = watchos;
				SKIP_INSTALL = YES;
				SWIFT_VERSION = 5.0;
				TARGETED_DEVICE_FAMILY = 4;
				WATCHOS_DEPLOYMENT_TARGET = 6.2;
			};
			name = Debug;
		};
		CCD4124D23F825C2008ED29F /* Release */ = {
			isa = XCBuildConfiguration;
			buildSettings = {
				ALWAYS_EMBED_SWIFT_STANDARD_LIBRARIES = YES;
				ASSETCATALOG_COMPILER_APPICON_NAME = AppIcon;
				CODE_SIGN_STYLE = Automatic;
				DEVELOPMENT_TEAM = 4HRX9LYRH4;
				IBSC_MODULE = WatchLandmarks_Extension;
				INFOPLIST_FILE = WatchLandmarks/Info.plist;
				PRODUCT_BUNDLE_IDENTIFIER = "com.BerryBeans.BBSwiftUI-Pro.watchkitapp";
				PRODUCT_NAME = "$(TARGET_NAME)";
				SDKROOT = watchos;
				SKIP_INSTALL = YES;
				SWIFT_VERSION = 5.0;
				TARGETED_DEVICE_FAMILY = 4;
				WATCHOS_DEPLOYMENT_TARGET = 6.2;
			};
			name = Release;
		};
		CCD4124F23F825C2008ED29F /* Debug */ = {
			isa = XCBuildConfiguration;
			buildSettings = {
				ASSETCATALOG_COMPILER_COMPLICATION_NAME = Complication;
				CODE_SIGN_STYLE = Automatic;
				DEVELOPMENT_ASSET_PATHS = "";
				DEVELOPMENT_TEAM = 4HRX9LYRH4;
				ENABLE_PREVIEWS = YES;
				INFOPLIST_FILE = "WatchLandmarks Extension/Info.plist";
				LD_RUNPATH_SEARCH_PATHS = (
					"$(inherited)",
					"@executable_path/Frameworks",
					"@executable_path/../../Frameworks",
				);
				PRODUCT_BUNDLE_IDENTIFIER = "com.BerryBeans.BBSwiftUI-Pro.watchkitapp.watchkitextension";
				PRODUCT_NAME = "${TARGET_NAME}";
				SDKROOT = watchos;
				SKIP_INSTALL = YES;
				SWIFT_VERSION = 5.0;
				TARGETED_DEVICE_FAMILY = 4;
				WATCHOS_DEPLOYMENT_TARGET = 6.2;
			};
			name = Debug;
		};
		CCD4125023F825C2008ED29F /* Release */ = {
			isa = XCBuildConfiguration;
			buildSettings = {
				ASSETCATALOG_COMPILER_COMPLICATION_NAME = Complication;
				CODE_SIGN_STYLE = Automatic;
				DEVELOPMENT_ASSET_PATHS = "";
				DEVELOPMENT_TEAM = 4HRX9LYRH4;
				ENABLE_PREVIEWS = YES;
				INFOPLIST_FILE = "WatchLandmarks Extension/Info.plist";
				LD_RUNPATH_SEARCH_PATHS = (
					"$(inherited)",
					"@executable_path/Frameworks",
					"@executable_path/../../Frameworks",
				);
				PRODUCT_BUNDLE_IDENTIFIER = "com.BerryBeans.BBSwiftUI-Pro.watchkitapp.watchkitextension";
				PRODUCT_NAME = "${TARGET_NAME}";
				SDKROOT = watchos;
				SKIP_INSTALL = YES;
				SWIFT_VERSION = 5.0;
				TARGETED_DEVICE_FAMILY = 4;
				WATCHOS_DEPLOYMENT_TARGET = 6.2;
			};
			name = Release;
		};
/* End XCBuildConfiguration section */

/* Begin XCConfigurationList section */
		CC0E3CBD23EED0EC00EE7100 /* Build configuration list for PBXProject "BBSwiftUI_Pro" */ = {
			isa = XCConfigurationList;
			buildConfigurations = (
				CC0E3CD423EED0F100EE7100 /* Debug */,
				CC0E3CD523EED0F100EE7100 /* Release */,
			);
			defaultConfigurationIsVisible = 0;
			defaultConfigurationName = Release;
		};
		CC0E3CD623EED0F100EE7100 /* Build configuration list for PBXNativeTarget "BBSwiftUI_Pro" */ = {
			isa = XCConfigurationList;
			buildConfigurations = (
				CC0E3CD723EED0F100EE7100 /* Debug */,
				CC0E3CD823EED0F100EE7100 /* Release */,
			);
			defaultConfigurationIsVisible = 0;
			defaultConfigurationName = Release;
		};
		CCD4125123F825C2008ED29F /* Build configuration list for PBXNativeTarget "WatchLandmarks Extension" */ = {
			isa = XCConfigurationList;
			buildConfigurations = (
				CCD4124F23F825C2008ED29F /* Debug */,
				CCD4125023F825C2008ED29F /* Release */,
			);
			defaultConfigurationIsVisible = 0;
			defaultConfigurationName = Release;
		};
		CCD4125223F825C2008ED29F /* Build configuration list for PBXNativeTarget "WatchLandmarks" */ = {
			isa = XCConfigurationList;
			buildConfigurations = (
				CCD4124C23F825C2008ED29F /* Debug */,
				CCD4124D23F825C2008ED29F /* Release */,
			);
			defaultConfigurationIsVisible = 0;
			defaultConfigurationName = Release;
		};
/* End XCConfigurationList section */
	};
	rootObject = CC0E3CBA23EED0EC00EE7100 /* Project object */;
}
